<Solution>
  <Project Path="ClaySharp.csproj" />
  <Project Path="examples/SDL3SimpleDemo/ClaySharp.SDL3SimpleDemo.csproj" />
  <Project Path="examples/FNASimpleDemo/ClaySharp.FNASimpleDemo.csproj" />
  <Project Path="renderer/sdl3/ClaySharp.Renderer.SDL3.csproj" />
  <Project Path="renderer/fna/ClaySharp.Renderer.FNA.csproj" />
</Solution>
